// !$*UTF8*$!
{
	archiveVersion = 1;
	classes = {
	};
	objectVersion = 56;
	objects = {

/* Begin PBXBuildFile section */
		BE13CA232CC6983E0015BB46 /* ArcMoneyApp.swift in Sources */ = {isa = PBXBuildFile; fileRef = BE13CA222CC6983E0015BB46 /* ArcMoneyApp.swift */; };
		BE13CA252CC6983E0015BB46 /* ContentView.swift in Sources */ = {isa = PBXBuildFile; fileRef = BE13CA242CC6983E0015BB46 /* ContentView.swift */; };
		BE13CA272CC698400015BB46 /* Assets.xcassets in Resources */ = {isa = PBXBuildFile; fileRef = BE13CA262CC698400015BB46 /* Assets.xcassets */; };
		BE13CA2A2CC698400015BB46 /* Preview Assets.xcassets in Resources */ = {isa = PBXBuildFile; fileRef = BE13CA292CC698400015BB46 /* Preview Assets.xcassets */; };
		C226B58E2CD275E900F4BA44 /* ArcMoneyIcon.swift in Sources */ = {isa = PBXBuildFile; fileRef = C226B58B2CD275E900F4BA44 /* ArcMoneyIcon.swift */; };
		C226B58F2CD275E900F4BA44 /* Colors.swift in Sources */ = {isa = PBXBuildFile; fileRef = C226B58C2CD275E900F4BA44 /* Colors.swift */; };
		C226B5912CD27F1100F4BA44 /* ArcMoneySize.swift in Sources */ = {isa = PBXBuildFile; fileRef = C226B5902CD27F1100F4BA44 /* ArcMoneySize.swift */; };
		C27F64652CCFEB3A00F75606 /* IconView.swift in Sources */ = {isa = PBXBuildFile; fileRef = C27F64642CCFEB3A00F75606 /* IconView.swift */; };
		C2E02ADD2CF57516005F8AB6 /* ArcMoneySpacing.swift in Sources */ = {isa = PBXBuildFile; fileRef = C2E02ADC2CF57514005F8AB6 /* ArcMoneySpacing.swift */; };
		C2E02AE22CF57816005F8AB6 /* View+Extensions.swift in Sources */ = {isa = PBXBuildFile; fileRef = C2E02AE12CF57812005F8AB6 /* View+Extensions.swift */; };
/* End PBXBuildFile section */

/* Begin PBXFileReference section */
		844315FA2CF4B4D30073B708 /* Labels.swift */ = {isa = PBXFileReference; lastKnownFileType = sourcecode.swift; path = Labels.swift; sourceTree = "<group>"; };
		844315FC2CF4B5BD0073B708 /* ReadexPro-Medium.ttf */ = {isa = PBXFileReference; lastKnownFileType = file; path = "ReadexPro-Medium.ttf"; sourceTree = "<group>"; };
		844315FD2CF4B5BD0073B708 /* ReadexPro-Regular.ttf */ = {isa = PBXFileReference; lastKnownFileType = file; path = "ReadexPro-Regular.ttf"; sourceTree = "<group>"; };
		844316012CF4B8290073B708 /* Info.plist */ = {isa = PBXFileReference; lastKnownFileType = text.plist; path = Info.plist; sourceTree = "<group>"; };
		84FE89502CD11BC00041D2ED /* Colors.swift */ = {isa = PBXFileReference; lastKnownFileType = sourcecode.swift; path = Colors.swift; sourceTree = "<group>"; };
		BE13CA1F2CC6983E0015BB46 /* ArcMoney.app */ = {isa = PBXFileReference; explicitFileType = wrapper.application; includeInIndex = 0; path = ArcMoney.app; sourceTree = BUILT_PRODUCTS_DIR; };
		BE13CA222CC6983E0015BB46 /* ArcMoneyApp.swift */ = {isa = PBXFileReference; lastKnownFileType = sourcecode.swift; path = ArcMoneyApp.swift; sourceTree = "<group>"; };
		BE13CA242CC6983E0015BB46 /* ContentView.swift */ = {isa = PBXFileReference; lastKnownFileType = sourcecode.swift; path = ContentView.swift; sourceTree = "<group>"; };
		BE13CA262CC698400015BB46 /* Assets.xcassets */ = {isa = PBXFileReference; lastKnownFileType = folder.assetcatalog; path = Assets.xcassets; sourceTree = "<group>"; };
		BE13CA292CC698400015BB46 /* Preview Assets.xcassets */ = {isa = PBXFileReference; lastKnownFileType = folder.assetcatalog; path = "Preview Assets.xcassets"; sourceTree = "<group>"; };
		C226B58B2CD275E900F4BA44 /* ArcMoneyIcon.swift */ = {isa = PBXFileReference; lastKnownFileType = sourcecode.swift; path = ArcMoneyIcon.swift; sourceTree = "<group>"; };
		C226B58C2CD275E900F4BA44 /* Colors.swift */ = {isa = PBXFileReference; lastKnownFileType = sourcecode.swift; path = Colors.swift; sourceTree = "<group>"; };
		C226B5902CD27F1100F4BA44 /* ArcMoneySize.swift */ = {isa = PBXFileReference; lastKnownFileType = sourcecode.swift; path = ArcMoneySize.swift; sourceTree = "<group>"; };
		C27F64642CCFEB3A00F75606 /* IconView.swift */ = {isa = PBXFileReference; lastKnownFileType = sourcecode.swift; path = IconView.swift; sourceTree = "<group>"; };
		C2E02ADC2CF57514005F8AB6 /* ArcMoneySpacing.swift */ = {isa = PBXFileReference; lastKnownFileType = sourcecode.swift; path = ArcMoneySpacing.swift; sourceTree = "<group>"; };
		C2E02AE12CF57812005F8AB6 /* View+Extensions.swift */ = {isa = PBXFileReference; lastKnownFileType = sourcecode.swift; path = "View+Extensions.swift"; sourceTree = "<group>"; };
/* End PBXFileReference section */

/* Begin PBXFrameworksBuildPhase section */
		BE13CA1C2CC6983E0015BB46 /* Frameworks */ = {
			isa = PBXFrameworksBuildPhase;
			buildActionMask = 2147483647;
			files = (
			);
			runOnlyForDeploymentPostprocessing = 0;
		};
/* End PBXFrameworksBuildPhase section */

/* Begin PBXGroup section */
		844315F92CF4B4A90073B708 /* Components */ = {
			isa = PBXGroup;
			children = (
				844315FA2CF4B4D30073B708 /* Labels.swift */,
			);
			path = Components;
			sourceTree = "<group>";
		};
		844316002CF4B5C40073B708 /* Font */ = {
			isa = PBXGroup;
			children = (
				844315FC2CF4B5BD0073B708 /* ReadexPro-Medium.ttf */,
				844315FD2CF4B5BD0073B708 /* ReadexPro-Regular.ttf */,
			);
			path = Font;
			sourceTree = "<group>";
		};
		846B73492CEF62F1002C9CED /* Utils */ = {
			isa = PBXGroup;
			children = (
				84FE89502CD11BC00041D2ED /* Colors.swift */,
			);
			path = Utils;
			sourceTree = "<group>";
		};
		BE13CA162CC6983E0015BB46 = {
			isa = PBXGroup;
			children = (
				BE13CA212CC6983E0015BB46 /* ArcMoney */,
				BE13CA202CC6983E0015BB46 /* Products */,
			);
			sourceTree = "<group>";
		};
		BE13CA202CC6983E0015BB46 /* Products */ = {
			isa = PBXGroup;
			children = (
				BE13CA1F2CC6983E0015BB46 /* ArcMoney.app */,
			);
			name = Products;
			sourceTree = "<group>";
		};
		BE13CA212CC6983E0015BB46 /* ArcMoney */ = {
			isa = PBXGroup;
			children = (
				844316012CF4B8290073B708 /* Info.plist */,
				844315F92CF4B4A90073B708 /* Components */,
				846B73492CEF62F1002C9CED /* Utils */,
				C2E02AE02CF577D0005F8AB6 /* Extensions */,
				C226B58D2CD275E900F4BA44 /* Utils */,
				C27F64632CCFEB2200F75606 /* Design System */,
				BE13CA222CC6983E0015BB46 /* ArcMoneyApp.swift */,
				BE13CA242CC6983E0015BB46 /* ContentView.swift */,
				BE13CA262CC698400015BB46 /* Assets.xcassets */,
				844316002CF4B5C40073B708 /* Font */,
				BE13CA282CC698400015BB46 /* Preview Content */,
			);
			path = ArcMoney;
			sourceTree = "<group>";
		};
		BE13CA282CC698400015BB46 /* Preview Content */ = {
			isa = PBXGroup;
			children = (
				BE13CA292CC698400015BB46 /* Preview Assets.xcassets */,
			);
			path = "Preview Content";
			sourceTree = "<group>";
		};
		C226B58D2CD275E900F4BA44 /* Utils */ = {
			isa = PBXGroup;
			children = (
				C226B58B2CD275E900F4BA44 /* ArcMoneyIcon.swift */,
				C226B5902CD27F1100F4BA44 /* ArcMoneySize.swift */,
				C2E02ADC2CF57514005F8AB6 /* ArcMoneySpacing.swift */,
				C226B58C2CD275E900F4BA44 /* Colors.swift */,
			);
			path = Utils;
			sourceTree = "<group>";
		};
		C27F64632CCFEB2200F75606 /* Design System */ = {
			isa = PBXGroup;
			children = (
				C27F64642CCFEB3A00F75606 /* IconView.swift */,
			);
			path = "Design System";
			sourceTree = "<group>";
		};
		C2E02AE02CF577D0005F8AB6 /* Extensions */ = {
			isa = PBXGroup;
			children = (
				C2E02AE12CF57812005F8AB6 /* View+Extensions.swift */,
			);
			path = Extensions;
			sourceTree = "<group>";
		};
/* End PBXGroup section */

/* Begin PBXNativeTarget section */
		BE13CA1E2CC6983E0015BB46 /* ArcMoney */ = {
			isa = PBXNativeTarget;
			buildConfigurationList = BE13CA2D2CC698400015BB46 /* Build configuration list for PBXNativeTarget "ArcMoney" */;
			buildPhases = (
				BE13CA1B2CC6983E0015BB46 /* Sources */,
				BE13CA1C2CC6983E0015BB46 /* Frameworks */,
				BE13CA1D2CC6983E0015BB46 /* Resources */,
			);
			buildRules = (
			);
			dependencies = (
			);
			name = ArcMoney;
			productName = ArcMoney;
			productReference = BE13CA1F2CC6983E0015BB46 /* ArcMoney.app */;
			productType = "com.apple.product-type.application";
		};
/* End PBXNativeTarget section */

/* Begin PBXProject section */
		BE13CA172CC6983E0015BB46 /* Project object */ = {
			isa = PBXProject;
			attributes = {
				BuildIndependentTargetsInParallel = 1;
				LastSwiftUpdateCheck = 1540;
				LastUpgradeCheck = 1540;
				TargetAttributes = {
					BE13CA1E2CC6983E0015BB46 = {
						CreatedOnToolsVersion = 15.4;
					};
				};
			};
			buildConfigurationList = BE13CA1A2CC6983E0015BB46 /* Build configuration list for PBXProject "ArcMoney" */;
			compatibilityVersion = "Xcode 14.0";
			developmentRegion = en;
			hasScannedForEncodings = 0;
			knownRegions = (
				en,
				Base,
			);
			mainGroup = BE13CA162CC6983E0015BB46;
			productRefGroup = BE13CA202CC6983E0015BB46 /* Products */;
			projectDirPath = "";
			projectRoot = "";
			targets = (
				BE13CA1E2CC6983E0015BB46 /* ArcMoney */,
			);
		};
/* End PBXProject section */

/* Begin PBXResourcesBuildPhase section */
		BE13CA1D2CC6983E0015BB46 /* Resources */ = {
			isa = PBXResourcesBuildPhase;
			buildActionMask = 2147483647;
			files = (
				BE13CA2A2CC698400015BB46 /* Preview Assets.xcassets in Resources */,
				BE13CA272CC698400015BB46 /* Assets.xcassets in Resources */,
				844315FE2CF4B5BD0073B708 /* ReadexPro-Medium.ttf in Resources */,
				844315FF2CF4B5BD0073B708 /* ReadexPro-Regular.ttf in Resources */,
			);
			runOnlyForDeploymentPostprocessing = 0;
		};
/* End PBXResourcesBuildPhase section */

/* Begin PBXSourcesBuildPhase section */
		BE13CA1B2CC6983E0015BB46 /* Sources */ = {
			isa = PBXSourcesBuildPhase;
			buildActionMask = 2147483647;
			files = (
				C226B5912CD27F1100F4BA44 /* ArcMoneySize.swift in Sources */,
				C2E02AE22CF57816005F8AB6 /* View+Extensions.swift in Sources */,
				C226B58E2CD275E900F4BA44 /* ArcMoneyIcon.swift in Sources */,
				C226B58F2CD275E900F4BA44 /* Colors.swift in Sources */,
				C27F64652CCFEB3A00F75606 /* IconView.swift in Sources */,
				BE13CA252CC6983E0015BB46 /* ContentView.swift in Sources */,
				84FE89512CD11BC00041D2ED /* Colors.swift in Sources */,
				844315FB2CF4B4DB0073B708 /* Labels.swift in Sources */,
				BE13CA232CC6983E0015BB46 /* ArcMoneyApp.swift in Sources */,
				C2E02ADD2CF57516005F8AB6 /* ArcMoneySpacing.swift in Sources */,
			);
			runOnlyForDeploymentPostprocessing = 0;
		};
/* End PBXSourcesBuildPhase section */

/* Begin XCBuildConfiguration section */
		BE13CA2B2CC698400015BB46 /* Debug */ = {
			isa = XCBuildConfiguration;
			buildSettings = {
				ALWAYS_SEARCH_USER_PATHS = NO;
				ASSETCATALOG_COMPILER_GENERATE_SWIFT_ASSET_SYMBOL_EXTENSIONS = YES;
				CLANG_ANALYZER_NONNULL = YES;
				CLANG_ANALYZER_NUMBER_OBJECT_CONVERSION = YES_AGGRESSIVE;
				CLANG_CXX_LANGUAGE_STANDARD = "gnu++20";
				CLANG_ENABLE_MODULES = YES;
				CLANG_ENABLE_OBJC_ARC = YES;
				CLANG_ENABLE_OBJC_WEAK = YES;
				CLANG_WARN_BLOCK_CAPTURE_AUTORELEASING = YES;
				CLANG_WARN_BOOL_CONVERSION = YES;
				CLANG_WARN_COMMA = YES;
				CLANG_WARN_CONSTANT_CONVERSION = YES;
				CLANG_WARN_DEPRECATED_OBJC_IMPLEMENTATIONS = YES;
				CLANG_WARN_DIRECT_OBJC_ISA_USAGE = YES_ERROR;
				CLANG_WARN_DOCUMENTATION_COMMENTS = YES;
				CLANG_WARN_EMPTY_BODY = YES;
				CLANG_WARN_ENUM_CONVERSION = YES;
				CLANG_WARN_INFINITE_RECURSION = YES;
				CLANG_WARN_INT_CONVERSION = YES;
				CLANG_WARN_NON_LITERAL_NULL_CONVERSION = YES;
				CLANG_WARN_OBJC_IMPLICIT_RETAIN_SELF = YES;
				CLANG_WARN_OBJC_LITERAL_CONVERSION = YES;
				CLANG_WARN_OBJC_ROOT_CLASS = YES_ERROR;
				CLANG_WARN_QUOTED_INCLUDE_IN_FRAMEWORK_HEADER = YES;
				CLANG_WARN_RANGE_LOOP_ANALYSIS = YES;
				CLANG_WARN_STRICT_PROTOTYPES = YES;
				CLANG_WARN_SUSPICIOUS_MOVE = YES;
				CLANG_WARN_UNGUARDED_AVAILABILITY = YES_AGGRESSIVE;
				CLANG_WARN_UNREACHABLE_CODE = YES;
				CLANG_WARN__DUPLICATE_METHOD_MATCH = YES;
				COPY_PHASE_STRIP = NO;
				DEBUG_INFORMATION_FORMAT = dwarf;
				ENABLE_STRICT_OBJC_MSGSEND = YES;
				ENABLE_TESTABILITY = YES;
				ENABLE_USER_SCRIPT_SANDBOXING = YES;
				GCC_C_LANGUAGE_STANDARD = gnu17;
				GCC_DYNAMIC_NO_PIC = NO;
				GCC_NO_COMMON_BLOCKS = YES;
				GCC_OPTIMIZATION_LEVEL = 0;
				GCC_PREPROCESSOR_DEFINITIONS = (
					"DEBUG=1",
					"$(inherited)",
				);
				GCC_WARN_64_TO_32_BIT_CONVERSION = YES;
				GCC_WARN_ABOUT_RETURN_TYPE = YES_ERROR;
				GCC_WARN_UNDECLARED_SELECTOR = YES;
				GCC_WARN_UNINITIALIZED_AUTOS = YES_AGGRESSIVE;
				GCC_WARN_UNUSED_FUNCTION = YES;
				GCC_WARN_UNUSED_VARIABLE = YES;
				IPHONEOS_DEPLOYMENT_TARGET = 17.5;
				LOCALIZATION_PREFERS_STRING_CATALOGS = YES;
				MTL_ENABLE_DEBUG_INFO = INCLUDE_SOURCE;
				MTL_FAST_MATH = YES;
				ONLY_ACTIVE_ARCH = YES;
				SDKROOT = iphoneos;
				SWIFT_ACTIVE_COMPILATION_CONDITIONS = "DEBUG $(inherited)";
				SWIFT_OPTIMIZATION_LEVEL = "-Onone";
			};
			name = Debug;
		};
		BE13CA2C2CC698400015BB46 /* Release */ = {
			isa = XCBuildConfiguration;
			buildSettings = {
				ALWAYS_SEARCH_USER_PATHS = NO;
				ASSETCATALOG_COMPILER_GENERATE_SWIFT_ASSET_SYMBOL_EXTENSIONS = YES;
				CLANG_ANALYZER_NONNULL = YES;
				CLANG_ANALYZER_NUMBER_OBJECT_CONVERSION = YES_AGGRESSIVE;
				CLANG_CXX_LANGUAGE_STANDARD = "gnu++20";
				CLANG_ENABLE_MODULES = YES;
				CLANG_ENABLE_OBJC_ARC = YES;
				CLANG_ENABLE_OBJC_WEAK = YES;
				CLANG_WARN_BLOCK_CAPTURE_AUTORELEASING = YES;
				CLANG_WARN_BOOL_CONVERSION = YES;
				CLANG_WARN_COMMA = YES;
				CLANG_WARN_CONSTANT_CONVERSION = YES;
				CLANG_WARN_DEPRECATED_OBJC_IMPLEMENTATIONS = YES;
				CLANG_WARN_DIRECT_OBJC_ISA_USAGE = YES_ERROR;
				CLANG_WARN_DOCUMENTATION_COMMENTS = YES;
				CLANG_WARN_EMPTY_BODY = YES;
				CLANG_WARN_ENUM_CONVERSION = YES;
				CLANG_WARN_INFINITE_RECURSION = YES;
				CLANG_WARN_INT_CONVERSION = YES;
				CLANG_WARN_NON_LITERAL_NULL_CONVERSION = YES;
				CLANG_WARN_OBJC_IMPLICIT_RETAIN_SELF = YES;
				CLANG_WARN_OBJC_LITERAL_CONVERSION = YES;
				CLANG_WARN_OBJC_ROOT_CLASS = YES_ERROR;
				CLANG_WARN_QUOTED_INCLUDE_IN_FRAMEWORK_HEADER = YES;
				CLANG_WARN_RANGE_LOOP_ANALYSIS = YES;
				CLANG_WARN_STRICT_PROTOTYPES = YES;
				CLANG_WARN_SUSPICIOUS_MOVE = YES;
				CLANG_WARN_UNGUARDED_AVAILABILITY = YES_AGGRESSIVE;
				CLANG_WARN_UNREACHABLE_CODE = YES;
				CLANG_WARN__DUPLICATE_METHOD_MATCH = YES;
				COPY_PHASE_STRIP = NO;
				DEBUG_INFORMATION_FORMAT = "dwarf-with-dsym";
				ENABLE_NS_ASSERTIONS = NO;
				ENABLE_STRICT_OBJC_MSGSEND = YES;
				ENABLE_USER_SCRIPT_SANDBOXING = YES;
				GCC_C_LANGUAGE_STANDARD = gnu17;
				GCC_NO_COMMON_BLOCKS = YES;
				GCC_WARN_64_TO_32_BIT_CONVERSION = YES;
				GCC_WARN_ABOUT_RETURN_TYPE = YES_ERROR;
				GCC_WARN_UNDECLARED_SELECTOR = YES;
				GCC_WARN_UNINITIALIZED_AUTOS = YES_AGGRESSIVE;
				GCC_WARN_UNUSED_FUNCTION = YES;
				GCC_WARN_UNUSED_VARIABLE = YES;
				IPHONEOS_DEPLOYMENT_TARGET = 17.5;
				LOCALIZATION_PREFERS_STRING_CATALOGS = YES;
				MTL_ENABLE_DEBUG_INFO = NO;
				MTL_FAST_MATH = YES;
				SDKROOT = iphoneos;
				SWIFT_COMPILATION_MODE = wholemodule;
				VALIDATE_PRODUCT = YES;
			};
			name = Release;
		};
		BE13CA2E2CC698400015BB46 /* Debug */ = {
			isa = XCBuildConfiguration;
			buildSettings = {
				ASSETCATALOG_COMPILER_APPICON_NAME = AppIcon;
				ASSETCATALOG_COMPILER_GLOBAL_ACCENT_COLOR_NAME = AccentColor;
				CODE_SIGN_STYLE = Automatic;
				CURRENT_PROJECT_VERSION = 1;
				DEVELOPMENT_ASSET_PATHS = "\"ArcMoney/Preview Content\"";
				ENABLE_PREVIEWS = YES;
				GENERATE_INFOPLIST_FILE = YES;
				INFOPLIST_FILE = ArcMoney/Info.plist;
				INFOPLIST_KEY_UIApplicationSceneManifest_Generation = YES;
				INFOPLIST_KEY_UIApplicationSupportsIndirectInputEvents = YES;
				INFOPLIST_KEY_UILaunchScreen_Generation = YES;
				INFOPLIST_KEY_UISupportedInterfaceOrientations_iPad = "UIInterfaceOrientationPortrait UIInterfaceOrientationPortraitUpsideDown UIInterfaceOrientationLandscapeLeft UIInterfaceOrientationLandscapeRight";
				INFOPLIST_KEY_UISupportedInterfaceOrientations_iPhone = "UIInterfaceOrientationPortrait UIInterfaceOrientationLandscapeLeft UIInterfaceOrientationLandscapeRight";
				LD_RUNPATH_SEARCH_PATHS = (
					"$(inherited)",
					"@executable_path/Frameworks",
				);
				MARKETING_VERSION = 1.0;
				PRODUCT_BUNDLE_IDENTIFIER = br.arctouch.ArcMoney;
				PRODUCT_NAME = "$(TARGET_NAME)";
				SWIFT_EMIT_LOC_STRINGS = YES;
				SWIFT_VERSION = 5.0;
				TARGETED_DEVICE_FAMILY = "1,2";
			};
			name = Debug;
		};
		BE13CA2F2CC698400015BB46 /* Release */ = {
			isa = XCBuildConfiguration;
			buildSettings = {
				ASSETCATALOG_COMPILER_APPICON_NAME = AppIcon;
				ASSETCATALOG_COMPILER_GLOBAL_ACCENT_COLOR_NAME = AccentColor;
				CODE_SIGN_STYLE = Automatic;
				CURRENT_PROJECT_VERSION = 1;
				DEVELOPMENT_ASSET_PATHS = "\"ArcMoney/Preview Content\"";
				ENABLE_PREVIEWS = YES;
				GENERATE_INFOPLIST_FILE = YES;
				INFOPLIST_FILE = ArcMoney/Info.plist;
				INFOPLIST_KEY_UIApplicationSceneManifest_Generation = YES;
				INFOPLIST_KEY_UIApplicationSupportsIndirectInputEvents = YES;
				INFOPLIST_KEY_UILaunchScreen_Generation = YES;
				INFOPLIST_KEY_UISupportedInterfaceOrientations_iPad = "UIInterfaceOrientationPortrait UIInterfaceOrientationPortraitUpsideDown UIInterfaceOrientationLandscapeLeft UIInterfaceOrientationLandscapeRight";
				INFOPLIST_KEY_UISupportedInterfaceOrientations_iPhone = "UIInterfaceOrientationPortrait UIInterfaceOrientationLandscapeLeft UIInterfaceOrientationLandscapeRight";
				LD_RUNPATH_SEARCH_PATHS = (
					"$(inherited)",
					"@executable_path/Frameworks",
				);
				MARKETING_VERSION = 1.0;
				PRODUCT_BUNDLE_IDENTIFIER = br.arctouch.ArcMoney;
				PRODUCT_NAME = "$(TARGET_NAME)";
				SWIFT_EMIT_LOC_STRINGS = YES;
				SWIFT_VERSION = 5.0;
				TARGETED_DEVICE_FAMILY = "1,2";
			};
			name = Release;
		};
/* End XCBuildConfiguration section */

/* Begin XCConfigurationList section */
		BE13CA1A2CC6983E0015BB46 /* Build configuration list for PBXProject "ArcMoney" */ = {
			isa = XCConfigurationList;
			buildConfigurations = (
				BE13CA2B2CC698400015BB46 /* Debug */,
				BE13CA2C2CC698400015BB46 /* Release */,
			);
			defaultConfigurationIsVisible = 0;
			defaultConfigurationName = Release;
		};
		BE13CA2D2CC698400015BB46 /* Build configuration list for PBXNativeTarget "ArcMoney" */ = {
			isa = XCConfigurationList;
			buildConfigurations = (
				BE13CA2E2CC698400015BB46 /* Debug */,
				BE13CA2F2CC698400015BB46 /* Release */,
			);
			defaultConfigurationIsVisible = 0;
			defaultConfigurationName = Release;
		};
/* End XCConfigurationList section */
	};
	rootObject = BE13CA172CC6983E0015BB46 /* Project object */;
}
